
Microsoft Visual Studio Solution File, Format Version 12.00
# Visual Studio Version 17
VisualStudioVersion = 17.2.32210.308
MinimumVisualStudioVersion = 10.0.40219.1
Project("{FAE04EC0-301F-11D3-BF4B-00C04F79EFBC}") = "DevIntersection", "DevIntersection\DevIntersection.csproj", "{ABF0F54E-13A6-4C2E-80B7-E8A9E29DFBDB}"
EndProject
Global
	GlobalSection(SolutionConfigurationPlatforms) = preSolution
		Debug|Any CPU = Debug|Any CPU
		Release|Any CPU = Release|Any CPU
	EndGlobalSection
	GlobalSection(ProjectConfigurationPlatforms) = postSolution
		{ABF0F54E-13A6-4C2E-80B7-E8A9E29DFBDB}.Debug|Any CPU.ActiveCfg = Debug|Any CPU
		{ABF0F54E-13A6-4C2E-80B7-E8A9E29DFBDB}.Debug|Any CPU.Build.0 = Debug|Any CPU
		{ABF0F54E-13A6-4C2E-80B7-E8A9E29DFBDB}.Release|Any CPU.ActiveCfg = Release|Any CPU
		{ABF0F54E-13A6-4C2E-80B7-E8A9E29DFBDB}.Release|Any CPU.Build.0 = Release|Any CPU
	EndGlobalSection
	GlobalSection(SolutionProperties) = preSolution
		HideSolutionNode = FALSE
	EndGlobalSection
	GlobalSection(ExtensibilityGlobals) = postSolution
		SolutionGuid = {6AA3B095-C043-4C13-A3BE-2999B16786B0}
	EndGlobalSection
EndGlobal
